
Microsoft Visual Studio Solution File, Format Version 12.00
# Visual Studio Version 17
VisualStudioVersion = 17.14.36327.8 d17.14
MinimumVisualStudioVersion = 10.0.40219.1
Project("{8BC9CEB8-8B4A-11D0-8D11-00A0C91BC942}") = "cmpnt1", "cmpnt1\cmpnt1.vcxproj", "{BC545D2D-7079-421A-A1A2-84BF8D8D0637}"
EndProject
Project("{8BC9CEB8-8B4A-11D0-8D11-00A0C91BC942}") = "Client1", "Client1\Client1.vcxproj", "{06F44145-7145-4095-A071-85A75E202A16}"
EndProject
Project("{8BC9CEB8-8B4A-11D0-8D11-00A0C91BC942}") = "Client2", "Client2\Client2.vcxproj", "{67EC7E77-43FA-496B-89E9-B1B449F9A160}"
EndProject
Project("{8BC9CEB8-8B4A-11D0-8D11-00A0C91BC942}") = "Client3", "Client3\Client3.vcxproj", "{87084DA6-B5E3-4E22-AF29-DC5D9899BD80}"
EndProject
Project("{8BC9CEB8-8B4A-11D0-8D11-00A0C91BC942}") = "cmpnt2", "cmpnt2\cmpnt2.vcxproj", "{1A7105F3-4F32-4D67-91B9-095789C30F6D}"
EndProject
Project("{8BC9CEB8-8B4A-11D0-8D11-00A0C91BC942}") = "cmpnt3", "cmpnt3\cmpnt3.vcxproj", "{737F3C0F-2A84-40FF-A3E8-04D71A6602D3}"
EndProject
Global
	GlobalSection(SolutionConfigurationPlatforms) = preSolution
		Debug|x64 = Debug|x64
		Debug|x86 = Debug|x86
		Release|x64 = Release|x64
		Release|x86 = Release|x86
	EndGlobalSection
	GlobalSection(ProjectConfigurationPlatforms) = postSolution
		{BC545D2D-7079-421A-A1A2-84BF8D8D0637}.Debug|x64.ActiveCfg = Debug|x64
		{BC545D2D-7079-421A-A1A2-84BF8D8D0637}.Debug|x64.Build.0 = Debug|x64
		{BC545D2D-7079-421A-A1A2-84BF8D8D0637}.Debug|x86.ActiveCfg = Debug|Win32
		{BC545D2D-7079-421A-A1A2-84BF8D8D0637}.Debug|x86.Build.0 = Debug|Win32
		{BC545D2D-7079-421A-A1A2-84BF8D8D0637}.Release|x64.ActiveCfg = Release|x64
		{BC545D2D-7079-421A-A1A2-84BF8D8D0637}.Release|x64.Build.0 = Release|x64
		{BC545D2D-7079-421A-A1A2-84BF8D8D0637}.Release|x86.ActiveCfg = Release|Win32
		{BC545D2D-7079-421A-A1A2-84BF8D8D0637}.Release|x86.Build.0 = Release|Win32
		{06F44145-7145-4095-A071-85A75E202A16}.Debug|x64.ActiveCfg = Debug|x64
		{06F44145-7145-4095-A071-85A75E202A16}.Debug|x64.Build.0 = Debug|x64
		{06F44145-7145-4095-A071-85A75E202A16}.Debug|x86.ActiveCfg = Debug|Win32
		{06F44145-7145-4095-A071-85A75E202A16}.Debug|x86.Build.0 = Debug|Win32
		{06F44145-7145-4095-A071-85A75E202A16}.Release|x64.ActiveCfg = Release|x64
		{06F44145-7145-4095-A071-85A75E202A16}.Release|x64.Build.0 = Release|x64
		{06F44145-7145-4095-A071-85A75E202A16}.Release|x86.ActiveCfg = Release|Win32
		{06F44145-7145-4095-A071-85A75E202A16}.Release|x86.Build.0 = Release|Win32
		{67EC7E77-43FA-496B-89E9-B1B449F9A160}.Debug|x64.ActiveCfg = Debug|x64
		{67EC7E77-43FA-496B-89E9-B1B449F9A160}.Debug|x64.Build.0 = Debug|x64
		{67EC7E77-43FA-496B-89E9-B1B449F9A160}.Debug|x86.ActiveCfg = Debug|Win32
		{67EC7E77-43FA-496B-89E9-B1B449F9A160}.Debug|x86.Build.0 = Debug|Win32
		{67EC7E77-43FA-496B-89E9-B1B449F9A160}.Release|x64.ActiveCfg = Release|x64
		{67EC7E77-43FA-496B-89E9-B1B449F9A160}.Release|x64.Build.0 = Release|x64
		{67EC7E77-43FA-496B-89E9-B1B449F9A160}.Release|x86.ActiveCfg = Release|Win32
		{67EC7E77-43FA-496B-89E9-B1B449F9A160}.Release|x86.Build.0 = Release|Win32
		{87084DA6-B5E3-4E22-AF29-DC5D9899BD80}.Debug|x64.ActiveCfg = Debug|x64
		{87084DA6-B5E3-4E22-AF29-DC5D9899BD80}.Debug|x64.Build.0 = Debug|x64
		{87084DA6-B5E3-4E22-AF29-DC5D9899BD80}.Debug|x86.ActiveCfg = Debug|Win32
		{87084DA6-B5E3-4E22-AF29-DC5D9899BD80}.Debug|x86.Build.0 = Debug|Win32
		{87084DA6-B5E3-4E22-AF29-DC5D9899BD80}.Release|x64.ActiveCfg = Release|x64
		{87084DA6-B5E3-4E22-AF29-DC5D9899BD80}.Release|x64.Build.0 = Release|x64
		{87084DA6-B5E3-4E22-AF29-DC5D9899BD80}.Release|x86.ActiveCfg = Release|Win32
		{87084DA6-B5E3-4E22-AF29-DC5D9899BD80}.Release|x86.Build.0 = Release|Win32
		{1A7105F3-4F32-4D67-91B9-095789C30F6D}.Debug|x64.ActiveCfg = Debug|x64
		{1A7105F3-4F32-4D67-91B9-095789C30F6D}.Debug|x64.Build.0 = Debug|x64
		{1A7105F3-4F32-4D67-91B9-095789C30F6D}.Debug|x86.ActiveCfg = Debug|Win32
		{1A7105F3-4F32-4D67-91B9-095789C30F6D}.Debug|x86.Build.0 = Debug|Win32
		{1A7105F3-4F32-4D67-91B9-095789C30F6D}.Release|x64.ActiveCfg = Release|x64
		{1A7105F3-4F32-4D67-91B9-095789C30F6D}.Release|x64.Build.0 = Release|x64
		{1A7105F3-4F32-4D67-91B9-095789C30F6D}.Release|x86.ActiveCfg = Release|Win32
		{1A7105F3-4F32-4D67-91B9-095789C30F6D}.Release|x86.Build.0 = Release|Win32
		{737F3C0F-2A84-40FF-A3E8-04D71A6602D3}.Debug|x64.ActiveCfg = Debug|x64
		{737F3C0F-2A84-40FF-A3E8-04D71A6602D3}.Debug|x64.Build.0 = Debug|x64
		{737F3C0F-2A84-40FF-A3E8-04D71A6602D3}.Debug|x86.ActiveCfg = Debug|Win32
		{737F3C0F-2A84-40FF-A3E8-04D71A6602D3}.Debug|x86.Build.0 = Debug|Win32
		{737F3C0F-2A84-40FF-A3E8-04D71A6602D3}.Release|x64.ActiveCfg = Release|x64
		{737F3C0F-2A84-40FF-A3E8-04D71A6602D3}.Release|x64.Build.0 = Release|x64
		{737F3C0F-2A84-40FF-A3E8-04D71A6602D3}.Release|x86.ActiveCfg = Release|Win32
		{737F3C0F-2A84-40FF-A3E8-04D71A6602D3}.Release|x86.Build.0 = Release|Win32
	EndGlobalSection
	GlobalSection(SolutionProperties) = preSolution
		HideSolutionNode = FALSE
	EndGlobalSection
	GlobalSection(ExtensibilityGlobals) = postSolution
		SolutionGuid = {2C6032DF-3ED4-471F-91CF-9CADD9EE2FBD}
	EndGlobalSection
EndGlobal
